// !$*UTF8*$!
{
	archiveVersion = 1;
	classes = {
	};
	objectVersion = 46;
	objects = {

/* Begin PBXBuildFile section */
		6808D3211CCCA65900862248 /* main.m in Sources */ = {isa = PBXBuildFile; fileRef = 6808D3201CCCA65900862248 /* main.m */; };
		6808D3241CCCA65900862248 /* AppDelegate.m in Sources */ = {isa = PBXBuildFile; fileRef = 6808D3231CCCA65900862248 /* AppDelegate.m */; };
		6808D3271CCCA65900862248 /* ViewController.m in Sources */ = {isa = PBXBuildFile; fileRef = 6808D3261CCCA65900862248 /* ViewController.m */; };
		6808D32A1CCCA65900862248 /* Main.storyboard in Resources */ = {isa = PBXBuildFile; fileRef = 6808D3281CCCA65900862248 /* Main.storyboard */; };
		6808D32C1CCCA65900862248 /* Assets.xcassets in Resources */ = {isa = PBXBuildFile; fileRef = 6808D32B1CCCA65900862248 /* Assets.xcassets */; };
		6808D32F1CCCA65900862248 /* LaunchScreen.storyboard in Resources */ = {isa = PBXBuildFile; fileRef = 6808D32D1CCCA65900862248 /* LaunchScreen.storyboard */; };
		6808D3381CCCA6CE00862248 /* person.m in Sources */ = {isa = PBXBuildFile; fileRef = 6808D3371CCCA6CE00862248 /* person.m */; };
/* End PBXBuildFile section */

/* Begin PBXFileReference section */
		6808D31C1CCCA65900862248 /* OSChina.app */ = {isa = PBXFileReference; explicitFileType = wrapper.application; includeInIndex = 0; path = OSChina.app; sourceTree = BUILT_PRODUCTS_DIR; };
		6808D3201CCCA65900862248 /* main.m */ = {isa = PBXFileReference; lastKnownFileType = sourcecode.c.objc; path = main.m; sourceTree = "<group>"; };
		6808D3221CCCA65900862248 /* AppDelegate.h */ = {isa = PBXFileReference; lastKnownFileType = sourcecode.c.h; path = AppDelegate.h; sourceTree = "<group>"; };
		6808D3231CCCA65900862248 /* AppDelegate.m */ = {isa = PBXFileReference; lastKnownFileType = sourcecode.c.objc; path = AppDelegate.m; sourceTree = "<group>"; };
		6808D3251CCCA65900862248 /* ViewController.h */ = {isa = PBXFileReference; lastKnownFileType = sourcecode.c.h; path = ViewController.h; sourceTree = "<group>"; };
		6808D3261CCCA65900862248 /* ViewController.m */ = {isa = PBXFileReference; lastKnownFileType = sourcecode.c.objc; path = ViewController.m; sourceTree = "<group>"; };
		6808D3291CCCA65900862248 /* Base */ = {isa = PBXFileReference; lastKnownFileType = file.storyboard; name = Base; path = Base.lproj/Main.storyboard; sourceTree = "<group>"; };
		6808D32B1CCCA65900862248 /* Assets.xcassets */ = {isa = PBXFileReference; lastKnownFileType = folder.assetcatalog; path = Assets.xcassets; sourceTree = "<group>"; };
		6808D32E1CCCA65900862248 /* Base */ = {isa = PBXFileReference; lastKnownFileType = file.storyboard; name = Base; path = Base.lproj/LaunchScreen.storyboard; sourceTree = "<group>"; };
		6808D3301CCCA65900862248 /* Info.plist */ = {isa = PBXFileReference; lastKnownFileType = text.plist.xml; path = Info.plist; sourceTree = "<group>"; };
		6808D3361CCCA6CE00862248 /* person.h */ = {isa = PBXFileReference; fileEncoding = 4; lastKnownFileType = sourcecode.c.h; path = person.h; sourceTree = "<group>"; };
		6808D3371CCCA6CE00862248 /* person.m */ = {isa = PBXFileReference; fileEncoding = 4; lastKnownFileType = sourcecode.c.objc; path = person.m; sourceTree = "<group>"; };
/* End PBXFileReference section */

/* Begin PBXFrameworksBuildPhase section */
		6808D3191CCCA65900862248 /* Frameworks */ = {
			isa = PBXFrameworksBuildPhase;
			buildActionMask = 2147483647;
			files = (
			);
			runOnlyForDeploymentPostprocessing = 0;
		};
/* End PBXFrameworksBuildPhase section */

/* Begin PBXGroup section */
		6808D3131CCCA65900862248 = {
			isa = PBXGroup;
			children = (
				6808D31E1CCCA65900862248 /* OSChina */,
				6808D31D1CCCA65900862248 /* Products */,
			);
			sourceTree = "<group>";
		};
		6808D31D1CCCA65900862248 /* Products */ = {
			isa = PBXGroup;
			children = (
				6808D31C1CCCA65900862248 /* OSChina.app */,
			);
			name = Products;
			sourceTree = "<group>";
		};
		6808D31E1CCCA65900862248 /* OSChina */ = {
			isa = PBXGroup;
			children = (
				6808D3221CCCA65900862248 /* AppDelegate.h */,
				6808D3231CCCA65900862248 /* AppDelegate.m */,
				6808D3251CCCA65900862248 /* ViewController.h */,
				6808D3261CCCA65900862248 /* ViewController.m */,
				6808D3281CCCA65900862248 /* Main.storyboard */,
				6808D32B1CCCA65900862248 /* Assets.xcassets */,
				6808D32D1CCCA65900862248 /* LaunchScreen.storyboard */,
				6808D3301CCCA65900862248 /* Info.plist */,
				6808D31F1CCCA65900862248 /* Supporting Files */,
				6808D3361CCCA6CE00862248 /* person.h */,
				6808D3371CCCA6CE00862248 /* person.m */,
			);
			path = OSChina;
			sourceTree = "<group>";
		};
		6808D31F1CCCA65900862248 /* Supporting Files */ = {
			isa = PBXGroup;
			children = (
				6808D3201CCCA65900862248 /* main.m */,
			);
			name = "Supporting Files";
			sourceTree = "<group>";
		};
/* End PBXGroup section */

/* Begin PBXNativeTarget section */
		6808D31B1CCCA65900862248 /* OSChina */ = {
			isa = PBXNativeTarget;
			buildConfigurationList = 6808D3331CCCA65900862248 /* Build configuration list for PBXNativeTarget "OSChina" */;
			buildPhases = (
				6808D3181CCCA65900862248 /* Sources */,
				6808D3191CCCA65900862248 /* Frameworks */,
				6808D31A1CCCA65900862248 /* Resources */,
			);
			buildRules = (
			);
			dependencies = (
			);
			name = OSChina;
			productName = OSChina;
			productReference = 6808D31C1CCCA65900862248 /* OSChina.app */;
			productType = "com.apple.product-type.application";
		};
/* End PBXNativeTarget section */

/* Begin PBXProject section */
		6808D3141CCCA65900862248 /* Project object */ = {
			isa = PBXProject;
			attributes = {
				LastUpgradeCheck = 0720;
				ORGANIZATIONNAME = wuhao;
				TargetAttributes = {
					6808D31B1CCCA65900862248 = {
						CreatedOnToolsVersion = 7.2.1;
					};
				};
			};
			buildConfigurationList = 6808D3171CCCA65900862248 /* Build configuration list for PBXProject "OSChina" */;
			compatibilityVersion = "Xcode 3.2";
			developmentRegion = English;
			hasScannedForEncodings = 0;
			knownRegions = (
				en,
				Base,
			);
			mainGroup = 6808D3131CCCA65900862248;
			productRefGroup = 6808D31D1CCCA65900862248 /* Products */;
			projectDirPath = "";
			projectRoot = "";
			targets = (
				6808D31B1CCCA65900862248 /* OSChina */,
			);
		};
/* End PBXProject section */

/* Begin PBXResourcesBuildPhase section */
		6808D31A1CCCA65900862248 /* Resources */ = {
			isa = PBXResourcesBuildPhase;
			buildActionMask = 2147483647;
			files = (
				6808D32F1CCCA65900862248 /* LaunchScreen.storyboard in Resources */,
				6808D32C1CCCA65900862248 /* Assets.xcassets in Resources */,
				6808D32A1CCCA65900862248 /* Main.storyboard in Resources */,
			);
			runOnlyForDeploymentPostprocessing = 0;
		};
/* End PBXResourcesBuildPhase section */

/* Begin PBXSourcesBuildPhase section */
		6808D3181CCCA65900862248 /* Sources */ = {
			isa = PBXSourcesBuildPhase;
			buildActionMask = 2147483647;
			files = (
				6808D3271CCCA65900862248 /* ViewController.m in Sources */,
				6808D3241CCCA65900862248 /* AppDelegate.m in Sources */,
				6808D3381CCCA6CE00862248 /* person.m in Sources */,
				6808D3211CCCA65900862248 /* main.m in Sources */,
			);
			runOnlyForDeploymentPostprocessing = 0;
		};
/* End PBXSourcesBuildPhase section */

/* Begin PBXVariantGroup section */
		6808D3281CCCA65900862248 /* Main.storyboard */ = {
			isa = PBXVariantGroup;
			children = (
				6808D3291CCCA65900862248 /* Base */,
			);
			name = Main.storyboard;
			sourceTree = "<group>";
		};
		6808D32D1CCCA65900862248 /* LaunchScreen.storyboard */ = {
			isa = PBXVariantGroup;
			children = (
				6808D32E1CCCA65900862248 /* Base */,
			);
			name = LaunchScreen.storyboard;
			sourceTree = "<group>";
		};
/* End PBXVariantGroup section */

/* Begin XCBuildConfiguration section */
		6808D3311CCCA65900862248 /* Debug */ = {
			isa = XCBuildConfiguration;
			buildSettings = {
				ALWAYS_SEARCH_USER_PATHS = NO;
				CLANG_CXX_LANGUAGE_STANDARD = "gnu++0x";
				CLANG_CXX_LIBRARY = "libc++";
				CLANG_ENABLE_MODULES = YES;
				CLANG_ENABLE_OBJC_ARC = YES;
				CLANG_WARN_BOOL_CONVERSION = YES;
				CLANG_WARN_CONSTANT_CONVERSION = YES;
				CLANG_WARN_DIRECT_OBJC_ISA_USAGE = YES_ERROR;
				CLANG_WARN_EMPTY_BODY = YES;
				CLANG_WARN_ENUM_CONVERSION = YES;
				CLANG_WARN_INT_CONVERSION = YES;
				CLANG_WARN_OBJC_ROOT_CLASS = YES_ERROR;
				CLANG_WARN_UNREACHABLE_CODE = YES;
				CLANG_WARN__DUPLICATE_METHOD_MATCH = YES;
				"CODE_SIGN_IDENTITY[sdk=iphoneos*]" = "iPhone Developer";
				COPY_PHASE_STRIP = NO;
				DEBUG_INFORMATION_FORMAT = dwarf;
				ENABLE_STRICT_OBJC_MSGSEND = YES;
				ENABLE_TESTABILITY = YES;
				GCC_C_LANGUAGE_STANDARD = gnu99;
				GCC_DYNAMIC_NO_PIC = NO;
				GCC_NO_COMMON_BLOCKS = YES;
				GCC_OPTIMIZATION_LEVEL = 0;
				GCC_PREPROCESSOR_DEFINITIONS = (
					"DEBUG=1",
					"$(inherited)",
				);
				GCC_WARN_64_TO_32_BIT_CONVERSION = YES;
				GCC_WARN_ABOUT_RETURN_TYPE = YES_ERROR;
				GCC_WARN_UNDECLARED_SELECTOR = YES;
				GCC_WARN_UNINITIALIZED_AUTOS = YES_AGGRESSIVE;
				GCC_WARN_UNUSED_FUNCTION = YES;
				GCC_WARN_UNUSED_VARIABLE = YES;
				IPHONEOS_DEPLOYMENT_TARGET = 9.2;
				MTL_ENABLE_DEBUG_INFO = YES;
				ONLY_ACTIVE_ARCH = YES;
				SDKROOT = iphoneos;
			};
			name = Debug;
		};
		6808D3321CCCA65900862248 /* Release */ = {
			isa = XCBuildConfiguration;
			buildSettings = {
				ALWAYS_SEARCH_USER_PATHS = NO;
				CLANG_CXX_LANGUAGE_STANDARD = "gnu++0x";
				CLANG_CXX_LIBRARY = "libc++";
				CLANG_ENABLE_MODULES = YES;
				CLANG_ENABLE_OBJC_ARC = YES;
				CLANG_WARN_BOOL_CONVERSION = YES;
				CLANG_WARN_CONSTANT_CONVERSION = YES;
				CLANG_WARN_DIRECT_OBJC_ISA_USAGE = YES_ERROR;
				CLANG_WARN_EMPTY_BODY = YES;
				CLANG_WARN_ENUM_CONVERSION = YES;
				CLANG_WARN_INT_CONVERSION = YES;
				CLANG_WARN_OBJC_ROOT_CLASS = YES_ERROR;
				CLANG_WARN_UNREACHABLE_CODE = YES;
				CLANG_WARN__DUPLICATE_METHOD_MATCH = YES;
				"CODE_SIGN_IDENTITY[sdk=iphoneos*]" = "iPhone Developer";
				COPY_PHASE_STRIP = NO;
				DEBUG_INFORMATION_FORMAT = "dwarf-with-dsym";
				ENABLE_NS_ASSERTIONS = NO;
				ENABLE_STRICT_OBJC_MSGSEND = YES;
				GCC_C_LANGUAGE_STANDARD = gnu99;
				GCC_NO_COMMON_BLOCKS = YES;
				GCC_WARN_64_TO_32_BIT_CONVERSION = YES;
				GCC_WARN_ABOUT_RETURN_TYPE = YES_ERROR;
				GCC_WARN_UNDECLARED_SELECTOR = YES;
				GCC_WARN_UNINITIALIZED_AUTOS = YES_AGGRESSIVE;
				GCC_WARN_UNUSED_FUNCTION = YES;
				GCC_WARN_UNUSED_VARIABLE = YES;
				IPHONEOS_DEPLOYMENT_TARGET = 9.2;
				MTL_ENABLE_DEBUG_INFO = NO;
				SDKROOT = iphoneos;
				VALIDATE_PRODUCT = YES;
			};
			name = Release;
		};
		6808D3341CCCA65900862248 /* Debug */ = {
			isa = XCBuildConfiguration;
			buildSettings = {
				ASSETCATALOG_COMPILER_APPICON_NAME = AppIcon;
				INFOPLIST_FILE = OSChina/Info.plist;
				LD_RUNPATH_SEARCH_PATHS = "$(inherited) @executable_path/Frameworks";
				PRODUCT_BUNDLE_IDENTIFIER = com.xidian.OSChina;
				PRODUCT_NAME = "$(TARGET_NAME)";
			};
			name = Debug;
		};
		6808D3351CCCA65900862248 /* Release */ = {
			isa = XCBuildConfiguration;
			buildSettings = {
				ASSETCATALOG_COMPILER_APPICON_NAME = AppIcon;
				INFOPLIST_FILE = OSChina/Info.plist;
				LD_RUNPATH_SEARCH_PATHS = "$(inherited) @executable_path/Frameworks";
				PRODUCT_BUNDLE_IDENTIFIER = com.xidian.OSChina;
				PRODUCT_NAME = "$(TARGET_NAME)";
			};
			name = Release;
		};
/* End XCBuildConfiguration section */

/* Begin XCConfigurationList section */
		6808D3171CCCA65900862248 /* Build configuration list for PBXProject "OSChina" */ = {
			isa = XCConfigurationList;
			buildConfigurations = (
				6808D3311CCCA65900862248 /* Debug */,
				6808D3321CCCA65900862248 /* Release */,
			);
			defaultConfigurationIsVisible = 0;
			defaultConfigurationName = Release;
		};
		6808D3331CCCA65900862248 /* Build configuration list for PBXNativeTarget "OSChina" */ = {
			isa = XCConfigurationList;
			buildConfigurations = (
				6808D3341CCCA65900862248 /* Debug */,
				6808D3351CCCA65900862248 /* Release */,
			);
			defaultConfigurationIsVisible = 0;
			defaultConfigurationName = Release;
		};
/* End XCConfigurationList section */
	};
	rootObject = 6808D3141CCCA65900862248 /* Project object */;
}
